// !$*UTF8*$!
{
	archiveVersion = 1;
	classes = {
	};
	objectVersion = 56;
	objects = {

/* Begin PBXBuildFile section */
		587ED6C5296C6D1F00960B23 /* AppDelegate.swift in Sources */ = {isa = PBXBuildFile; fileRef = 587ED6C4296C6D1F00960B23 /* AppDelegate.swift */; };
		587ED6C9296C6D1F00960B23 /* Main.html in Resources */ = {isa = PBXBuildFile; fileRef = 587ED6C7296C6D1F00960B23 /* Main.html */; };
		587ED6CB296C6D1F00960B23 /* Icon.png in Resources */ = {isa = PBXBuildFile; fileRef = 587ED6CA296C6D1F00960B23 /* Icon.png */; };
		587ED6CD296C6D1F00960B23 /* Style.css in Resources */ = {isa = PBXBuildFile; fileRef = 587ED6CC296C6D1F00960B23 /* Style.css */; };
		587ED6CF296C6D1F00960B23 /* Script.js in Resources */ = {isa = PBXBuildFile; fileRef = 587ED6CE296C6D1F00960B23 /* Script.js */; };
		587ED6D1296C6D1F00960B23 /* ViewController.swift in Sources */ = {isa = PBXBuildFile; fileRef = 587ED6D0296C6D1F00960B23 /* ViewController.swift */; };
		587ED6D4296C6D1F00960B23 /* Main.storyboard in Resources */ = {isa = PBXBuildFile; fileRef = 587ED6D2296C6D1F00960B23 /* Main.storyboard */; };
		587ED6D6296C6D2000960B23 /* Assets.xcassets in Resources */ = {isa = PBXBuildFile; fileRef = 587ED6D5296C6D2000960B23 /* Assets.xcassets */; };
		587ED6E2296C6D2100960B23 /* GithubOneMonokaiTests.swift in Sources */ = {isa = PBXBuildFile; fileRef = 587ED6E1296C6D2100960B23 /* GithubOneMonokaiTests.swift */; };
		587ED6EC296C6D2100960B23 /* GithubOneMonokaiUITests.swift in Sources */ = {isa = PBXBuildFile; fileRef = 587ED6EB296C6D2100960B23 /* GithubOneMonokaiUITests.swift */; };
		587ED6EE296C6D2100960B23 /* GithubOneMonokaiUITestsLaunchTests.swift in Sources */ = {isa = PBXBuildFile; fileRef = 587ED6ED296C6D2100960B23 /* GithubOneMonokaiUITestsLaunchTests.swift */; };
		587ED6F4296C6D2100960B23 /* GithubOneMonokai Extension.appex in Embed Foundation Extensions */ = {isa = PBXBuildFile; fileRef = 587ED6F3296C6D2100960B23 /* GithubOneMonokai Extension.appex */; settings = {ATTRIBUTES = (RemoveHeadersOnCopy, ); }; };
		587ED6F9296C6D2100960B23 /* SafariWebExtensionHandler.swift in Sources */ = {isa = PBXBuildFile; fileRef = 587ED6F8296C6D2100960B23 /* SafariWebExtensionHandler.swift */; };
		587ED6FC296C6D2100960B23 /* _locales in Resources */ = {isa = PBXBuildFile; fileRef = 587ED6FB296C6D2100960B23 /* _locales */; };
		587ED6FE296C6D2100960B23 /* images in Resources */ = {isa = PBXBuildFile; fileRef = 587ED6FD296C6D2100960B23 /* images */; };
		587ED700296C6D2100960B23 /* manifest.json in Resources */ = {isa = PBXBuildFile; fileRef = 587ED6FF296C6D2100960B23 /* manifest.json */; };
		587ED702296C6D2100960B23 /* background.js in Resources */ = {isa = PBXBuildFile; fileRef = 587ED701296C6D2100960B23 /* background.js */; };
		587ED704296C6D2100960B23 /* content.js in Resources */ = {isa = PBXBuildFile; fileRef = 587ED703296C6D2100960B23 /* content.js */; };
		587ED706296C6D2100960B23 /* popup.html in Resources */ = {isa = PBXBuildFile; fileRef = 587ED705296C6D2100960B23 /* popup.html */; };
		587ED708296C6D2100960B23 /* popup.css in Resources */ = {isa = PBXBuildFile; fileRef = 587ED707296C6D2100960B23 /* popup.css */; };
		587ED70A296C6D2100960B23 /* popup.js in Resources */ = {isa = PBXBuildFile; fileRef = 587ED709296C6D2100960B23 /* popup.js */; };
		587ED71F296DD15300960B23 /* syntax-one-monokai-prettylights.css in Resources */ = {isa = PBXBuildFile; fileRef = 587ED71E296DD15300960B23 /* syntax-one-monokai-prettylights.css */; };
		587ED721296DD81900960B23 /* syntax-one-monokai-codemirror.css in Resources */ = {isa = PBXBuildFile; fileRef = 587ED720296DD81900960B23 /* syntax-one-monokai-codemirror.css */; };
/* End PBXBuildFile section */

/* Begin PBXContainerItemProxy section */
		587ED6DE296C6D2100960B23 /* PBXContainerItemProxy */ = {
			isa = PBXContainerItemProxy;
			containerPortal = 587ED6B9296C6D1F00960B23 /* Project object */;
			proxyType = 1;
			remoteGlobalIDString = 587ED6C0296C6D1F00960B23;
			remoteInfo = GithubOneMonokai;
		};
		587ED6E8296C6D2100960B23 /* PBXContainerItemProxy */ = {
			isa = PBXContainerItemProxy;
			containerPortal = 587ED6B9296C6D1F00960B23 /* Project object */;
			proxyType = 1;
			remoteGlobalIDString = 587ED6C0296C6D1F00960B23;
			remoteInfo = GithubOneMonokai;
		};
		587ED6F5296C6D2100960B23 /* PBXContainerItemProxy */ = {
			isa = PBXContainerItemProxy;
			containerPortal = 587ED6B9296C6D1F00960B23 /* Project object */;
			proxyType = 1;
			remoteGlobalIDString = 587ED6F2296C6D2100960B23;
			remoteInfo = "GithubOneMonokai Extension";
		};
/* End PBXContainerItemProxy section */

/* Begin PBXCopyFilesBuildPhase section */
		587ED712296C6D2100960B23 /* Embed Foundation Extensions */ = {
			isa = PBXCopyFilesBuildPhase;
			buildActionMask = 2147483647;
			dstPath = "";
			dstSubfolderSpec = 13;
			files = (
				587ED6F4296C6D2100960B23 /* GithubOneMonokai Extension.appex in Embed Foundation Extensions */,
			);
			name = "Embed Foundation Extensions";
			runOnlyForDeploymentPostprocessing = 0;
		};
/* End PBXCopyFilesBuildPhase section */

/* Begin PBXFileReference section */
		587ED6C1296C6D1F00960B23 /* GithubOneMonokai.app */ = {isa = PBXFileReference; explicitFileType = wrapper.application; includeInIndex = 0; path = GithubOneMonokai.app; sourceTree = BUILT_PRODUCTS_DIR; };
		587ED6C4296C6D1F00960B23 /* AppDelegate.swift */ = {isa = PBXFileReference; lastKnownFileType = sourcecode.swift; path = AppDelegate.swift; sourceTree = "<group>"; };
		587ED6C8296C6D1F00960B23 /* Base */ = {isa = PBXFileReference; lastKnownFileType = text.html; name = Base; path = ../Base.lproj/Main.html; sourceTree = "<group>"; };
		587ED6CA296C6D1F00960B23 /* Icon.png */ = {isa = PBXFileReference; lastKnownFileType = image.png; path = Icon.png; sourceTree = "<group>"; };
		587ED6CC296C6D1F00960B23 /* Style.css */ = {isa = PBXFileReference; lastKnownFileType = text.css; path = Style.css; sourceTree = "<group>"; };
		587ED6CE296C6D1F00960B23 /* Script.js */ = {isa = PBXFileReference; lastKnownFileType = sourcecode.javascript; path = Script.js; sourceTree = "<group>"; };
		587ED6D0296C6D1F00960B23 /* ViewController.swift */ = {isa = PBXFileReference; lastKnownFileType = sourcecode.swift; path = ViewController.swift; sourceTree = "<group>"; };
		587ED6D3296C6D1F00960B23 /* Base */ = {isa = PBXFileReference; lastKnownFileType = file.storyboard; name = Base; path = Base.lproj/Main.storyboard; sourceTree = "<group>"; };
		587ED6D5296C6D2000960B23 /* Assets.xcassets */ = {isa = PBXFileReference; lastKnownFileType = folder.assetcatalog; path = Assets.xcassets; sourceTree = "<group>"; };
		587ED6D7296C6D2000960B23 /* GithubOneMonokai.entitlements */ = {isa = PBXFileReference; lastKnownFileType = text.plist.entitlements; path = GithubOneMonokai.entitlements; sourceTree = "<group>"; };
		587ED6D8296C6D2000960B23 /* GithubOneMonokai.entitlements */ = {isa = PBXFileReference; lastKnownFileType = text.plist.entitlements; path = GithubOneMonokai.entitlements; sourceTree = "<group>"; };
		587ED6DD296C6D2100960B23 /* GithubOneMonokaiTests.xctest */ = {isa = PBXFileReference; explicitFileType = wrapper.cfbundle; includeInIndex = 0; path = GithubOneMonokaiTests.xctest; sourceTree = BUILT_PRODUCTS_DIR; };
		587ED6E1296C6D2100960B23 /* GithubOneMonokaiTests.swift */ = {isa = PBXFileReference; lastKnownFileType = sourcecode.swift; path = GithubOneMonokaiTests.swift; sourceTree = "<group>"; };
		587ED6E7296C6D2100960B23 /* GithubOneMonokaiUITests.xctest */ = {isa = PBXFileReference; explicitFileType = wrapper.cfbundle; includeInIndex = 0; path = GithubOneMonokaiUITests.xctest; sourceTree = BUILT_PRODUCTS_DIR; };
		587ED6EB296C6D2100960B23 /* GithubOneMonokaiUITests.swift */ = {isa = PBXFileReference; lastKnownFileType = sourcecode.swift; path = GithubOneMonokaiUITests.swift; sourceTree = "<group>"; };
		587ED6ED296C6D2100960B23 /* GithubOneMonokaiUITestsLaunchTests.swift */ = {isa = PBXFileReference; lastKnownFileType = sourcecode.swift; path = GithubOneMonokaiUITestsLaunchTests.swift; sourceTree = "<group>"; };
		587ED6F3296C6D2100960B23 /* GithubOneMonokai Extension.appex */ = {isa = PBXFileReference; explicitFileType = "wrapper.app-extension"; includeInIndex = 0; path = "GithubOneMonokai Extension.appex"; sourceTree = BUILT_PRODUCTS_DIR; };
		587ED6F8296C6D2100960B23 /* SafariWebExtensionHandler.swift */ = {isa = PBXFileReference; lastKnownFileType = sourcecode.swift; path = SafariWebExtensionHandler.swift; sourceTree = "<group>"; };
		587ED6FB296C6D2100960B23 /* _locales */ = {isa = PBXFileReference; lastKnownFileType = folder; path = _locales; sourceTree = "<group>"; };
		587ED6FD296C6D2100960B23 /* images */ = {isa = PBXFileReference; lastKnownFileType = folder; path = images; sourceTree = "<group>"; };
		587ED6FF296C6D2100960B23 /* manifest.json */ = {isa = PBXFileReference; lastKnownFileType = text.json; path = manifest.json; sourceTree = "<group>"; };
		587ED701296C6D2100960B23 /* background.js */ = {isa = PBXFileReference; lastKnownFileType = sourcecode.javascript; path = background.js; sourceTree = "<group>"; };
		587ED703296C6D2100960B23 /* content.js */ = {isa = PBXFileReference; lastKnownFileType = sourcecode.javascript; path = content.js; sourceTree = "<group>"; };
		587ED705296C6D2100960B23 /* popup.html */ = {isa = PBXFileReference; lastKnownFileType = text.html; path = popup.html; sourceTree = "<group>"; };
		587ED707296C6D2100960B23 /* popup.css */ = {isa = PBXFileReference; lastKnownFileType = text.css; path = popup.css; sourceTree = "<group>"; };
		587ED709296C6D2100960B23 /* popup.js */ = {isa = PBXFileReference; lastKnownFileType = sourcecode.javascript; path = popup.js; sourceTree = "<group>"; };
		587ED70B296C6D2100960B23 /* Info.plist */ = {isa = PBXFileReference; lastKnownFileType = text.plist.xml; path = Info.plist; sourceTree = "<group>"; };
		587ED70C296C6D2100960B23 /* GithubOneMonokai_Extension.entitlements */ = {isa = PBXFileReference; lastKnownFileType = text.plist.entitlements; path = GithubOneMonokai_Extension.entitlements; sourceTree = "<group>"; };
		587ED71E296DD15300960B23 /* syntax-one-monokai-prettylights.css */ = {isa = PBXFileReference; fileEncoding = 4; lastKnownFileType = text.css; path = "syntax-one-monokai-prettylights.css"; sourceTree = "<group>"; };
		587ED720296DD81900960B23 /* syntax-one-monokai-codemirror.css */ = {isa = PBXFileReference; lastKnownFileType = text.css; path = "syntax-one-monokai-codemirror.css"; sourceTree = "<group>"; };
/* End PBXFileReference section */

/* Begin PBXFrameworksBuildPhase section */
		587ED6BE296C6D1F00960B23 /* Frameworks */ = {
			isa = PBXFrameworksBuildPhase;
			buildActionMask = 2147483647;
			files = (
			);
			runOnlyForDeploymentPostprocessing = 0;
		};
		587ED6DA296C6D2100960B23 /* Frameworks */ = {
			isa = PBXFrameworksBuildPhase;
			buildActionMask = 2147483647;
			files = (
			);
			runOnlyForDeploymentPostprocessing = 0;
		};
		587ED6E4296C6D2100960B23 /* Frameworks */ = {
			isa = PBXFrameworksBuildPhase;
			buildActionMask = 2147483647;
			files = (
			);
			runOnlyForDeploymentPostprocessing = 0;
		};
		587ED6F0296C6D2100960B23 /* Frameworks */ = {
			isa = PBXFrameworksBuildPhase;
			buildActionMask = 2147483647;
			files = (
			);
			runOnlyForDeploymentPostprocessing = 0;
		};
/* End PBXFrameworksBuildPhase section */

/* Begin PBXGroup section */
		587ED6B8296C6D1F00960B23 = {
			isa = PBXGroup;
			children = (
				587ED6C3296C6D1F00960B23 /* GithubOneMonokai */,
				587ED6E0296C6D2100960B23 /* GithubOneMonokaiTests */,
				587ED6EA296C6D2100960B23 /* GithubOneMonokaiUITests */,
				587ED6F7296C6D2100960B23 /* GithubOneMonokai Extension */,
				587ED6C2296C6D1F00960B23 /* Products */,
			);
			sourceTree = "<group>";
		};
		587ED6C2296C6D1F00960B23 /* Products */ = {
			isa = PBXGroup;
			children = (
				587ED6C1296C6D1F00960B23 /* GithubOneMonokai.app */,
				587ED6DD296C6D2100960B23 /* GithubOneMonokaiTests.xctest */,
				587ED6E7296C6D2100960B23 /* GithubOneMonokaiUITests.xctest */,
				587ED6F3296C6D2100960B23 /* GithubOneMonokai Extension.appex */,
			);
			name = Products;
			sourceTree = "<group>";
		};
		587ED6C3296C6D1F00960B23 /* GithubOneMonokai */ = {
			isa = PBXGroup;
			children = (
				587ED6C4296C6D1F00960B23 /* AppDelegate.swift */,
				587ED6D0296C6D1F00960B23 /* ViewController.swift */,
				587ED6D2296C6D1F00960B23 /* Main.storyboard */,
				587ED6D5296C6D2000960B23 /* Assets.xcassets */,
				587ED6D7296C6D2000960B23 /* GithubOneMonokai.entitlements */,
				587ED6D8296C6D2000960B23 /* GithubOneMonokai.entitlements */,
				587ED6C6296C6D1F00960B23 /* Resources */,
			);
			path = GithubOneMonokai;
			sourceTree = "<group>";
		};
		587ED6C6296C6D1F00960B23 /* Resources */ = {
			isa = PBXGroup;
			children = (
				587ED6C7296C6D1F00960B23 /* Main.html */,
				587ED6CA296C6D1F00960B23 /* Icon.png */,
				587ED6CC296C6D1F00960B23 /* Style.css */,
				587ED6CE296C6D1F00960B23 /* Script.js */,
			);
			path = Resources;
			sourceTree = "<group>";
		};
		587ED6E0296C6D2100960B23 /* GithubOneMonokaiTests */ = {
			isa = PBXGroup;
			children = (
				587ED6E1296C6D2100960B23 /* GithubOneMonokaiTests.swift */,
			);
			path = GithubOneMonokaiTests;
			sourceTree = "<group>";
		};
		587ED6EA296C6D2100960B23 /* GithubOneMonokaiUITests */ = {
			isa = PBXGroup;
			children = (
				587ED6EB296C6D2100960B23 /* GithubOneMonokaiUITests.swift */,
				587ED6ED296C6D2100960B23 /* GithubOneMonokaiUITestsLaunchTests.swift */,
			);
			path = GithubOneMonokaiUITests;
			sourceTree = "<group>";
		};
		587ED6F7296C6D2100960B23 /* GithubOneMonokai Extension */ = {
			isa = PBXGroup;
			children = (
				587ED6F8296C6D2100960B23 /* SafariWebExtensionHandler.swift */,
				587ED70B296C6D2100960B23 /* Info.plist */,
				587ED70C296C6D2100960B23 /* GithubOneMonokai_Extension.entitlements */,
				587ED6FA296C6D2100960B23 /* Resources */,
			);
			path = "GithubOneMonokai Extension";
			sourceTree = "<group>";
		};
		587ED6FA296C6D2100960B23 /* Resources */ = {
			isa = PBXGroup;
			children = (
				587ED6FB296C6D2100960B23 /* _locales */,
				587ED6FD296C6D2100960B23 /* images */,
				587ED6FF296C6D2100960B23 /* manifest.json */,
				587ED701296C6D2100960B23 /* background.js */,
				587ED703296C6D2100960B23 /* content.js */,
				587ED705296C6D2100960B23 /* popup.html */,
				587ED707296C6D2100960B23 /* popup.css */,
				587ED709296C6D2100960B23 /* popup.js */,
				587ED71E296DD15300960B23 /* syntax-one-monokai-prettylights.css */,
				587ED720296DD81900960B23 /* syntax-one-monokai-codemirror.css */,
			);
			path = Resources;
			sourceTree = "<group>";
		};
/* End PBXGroup section */

/* Begin PBXNativeTarget section */
		587ED6C0296C6D1F00960B23 /* GithubOneMonokai */ = {
			isa = PBXNativeTarget;
			buildConfigurationList = 587ED713296C6D2100960B23 /* Build configuration list for PBXNativeTarget "GithubOneMonokai" */;
			buildPhases = (
				587ED6BD296C6D1F00960B23 /* Sources */,
				587ED6BE296C6D1F00960B23 /* Frameworks */,
				587ED6BF296C6D1F00960B23 /* Resources */,
				587ED712296C6D2100960B23 /* Embed Foundation Extensions */,
			);
			buildRules = (
			);
			dependencies = (
				587ED6F6296C6D2100960B23 /* PBXTargetDependency */,
			);
			name = GithubOneMonokai;
			productName = GithubOneMonokai;
			productReference = 587ED6C1296C6D1F00960B23 /* GithubOneMonokai.app */;
			productType = "com.apple.product-type.application";
		};
		587ED6DC296C6D2100960B23 /* GithubOneMonokaiTests */ = {
			isa = PBXNativeTarget;
			buildConfigurationList = 587ED716296C6D2100960B23 /* Build configuration list for PBXNativeTarget "GithubOneMonokaiTests" */;
			buildPhases = (
				587ED6D9296C6D2100960B23 /* Sources */,
				587ED6DA296C6D2100960B23 /* Frameworks */,
				587ED6DB296C6D2100960B23 /* Resources */,
			);
			buildRules = (
			);
			dependencies = (
				587ED6DF296C6D2100960B23 /* PBXTargetDependency */,
			);
			name = GithubOneMonokaiTests;
			productName = GithubOneMonokaiTests;
			productReference = 587ED6DD296C6D2100960B23 /* GithubOneMonokaiTests.xctest */;
			productType = "com.apple.product-type.bundle.unit-test";
		};
		587ED6E6296C6D2100960B23 /* GithubOneMonokaiUITests */ = {
			isa = PBXNativeTarget;
			buildConfigurationList = 587ED719296C6D2100960B23 /* Build configuration list for PBXNativeTarget "GithubOneMonokaiUITests" */;
			buildPhases = (
				587ED6E3296C6D2100960B23 /* Sources */,
				587ED6E4296C6D2100960B23 /* Frameworks */,
				587ED6E5296C6D2100960B23 /* Resources */,
			);
			buildRules = (
			);
			dependencies = (
				587ED6E9296C6D2100960B23 /* PBXTargetDependency */,
			);
			name = GithubOneMonokaiUITests;
			productName = GithubOneMonokaiUITests;
			productReference = 587ED6E7296C6D2100960B23 /* GithubOneMonokaiUITests.xctest */;
			productType = "com.apple.product-type.bundle.ui-testing";
		};
		587ED6F2296C6D2100960B23 /* GithubOneMonokai Extension */ = {
			isa = PBXNativeTarget;
			buildConfigurationList = 587ED70F296C6D2100960B23 /* Build configuration list for PBXNativeTarget "GithubOneMonokai Extension" */;
			buildPhases = (
				587ED6EF296C6D2100960B23 /* Sources */,
				587ED6F0296C6D2100960B23 /* Frameworks */,
				587ED6F1296C6D2100960B23 /* Resources */,
			);
			buildRules = (
			);
			dependencies = (
			);
			name = "GithubOneMonokai Extension";
			productName = "GithubOneMonokai Extension";
			productReference = 587ED6F3296C6D2100960B23 /* GithubOneMonokai Extension.appex */;
			productType = "com.apple.product-type.app-extension";
		};
/* End PBXNativeTarget section */

/* Begin PBXProject section */
		587ED6B9296C6D1F00960B23 /* Project object */ = {
			isa = PBXProject;
			attributes = {
				BuildIndependentTargetsInParallel = 1;
				LastSwiftUpdateCheck = 1410;
				LastUpgradeCheck = 1410;
				TargetAttributes = {
					587ED6C0296C6D1F00960B23 = {
						CreatedOnToolsVersion = 14.1;
					};
					587ED6DC296C6D2100960B23 = {
						CreatedOnToolsVersion = 14.1;
						TestTargetID = 587ED6C0296C6D1F00960B23;
					};
					587ED6E6296C6D2100960B23 = {
						CreatedOnToolsVersion = 14.1;
						TestTargetID = 587ED6C0296C6D1F00960B23;
					};
					587ED6F2296C6D2100960B23 = {
						CreatedOnToolsVersion = 14.1;
					};
				};
			};
			buildConfigurationList = 587ED6BC296C6D1F00960B23 /* Build configuration list for PBXProject "GithubOneMonokai" */;
			compatibilityVersion = "Xcode 14.0";
			developmentRegion = en;
			hasScannedForEncodings = 0;
			knownRegions = (
				en,
				Base,
			);
			mainGroup = 587ED6B8296C6D1F00960B23;
			productRefGroup = 587ED6C2296C6D1F00960B23 /* Products */;
			projectDirPath = "";
			projectRoot = "";
			targets = (
				587ED6C0296C6D1F00960B23 /* GithubOneMonokai */,
				587ED6DC296C6D2100960B23 /* GithubOneMonokaiTests */,
				587ED6E6296C6D2100960B23 /* GithubOneMonokaiUITests */,
				587ED6F2296C6D2100960B23 /* GithubOneMonokai Extension */,
			);
		};
/* End PBXProject section */

/* Begin PBXResourcesBuildPhase section */
		587ED6BF296C6D1F00960B23 /* Resources */ = {
			isa = PBXResourcesBuildPhase;
			buildActionMask = 2147483647;
			files = (
				587ED6CB296C6D1F00960B23 /* Icon.png in Resources */,
				587ED6D4296C6D1F00960B23 /* Main.storyboard in Resources */,
				587ED6CF296C6D1F00960B23 /* Script.js in Resources */,
				587ED6C9296C6D1F00960B23 /* Main.html in Resources */,
				587ED6D6296C6D2000960B23 /* Assets.xcassets in Resources */,
				587ED6CD296C6D1F00960B23 /* Style.css in Resources */,
			);
			runOnlyForDeploymentPostprocessing = 0;
		};
		587ED6DB296C6D2100960B23 /* Resources */ = {
			isa = PBXResourcesBuildPhase;
			buildActionMask = 2147483647;
			files = (
			);
			runOnlyForDeploymentPostprocessing = 0;
		};
		587ED6E5296C6D2100960B23 /* Resources */ = {
			isa = PBXResourcesBuildPhase;
			buildActionMask = 2147483647;
			files = (
			);
			runOnlyForDeploymentPostprocessing = 0;
		};
		587ED6F1296C6D2100960B23 /* Resources */ = {
			isa = PBXResourcesBuildPhase;
			buildActionMask = 2147483647;
			files = (
				587ED702296C6D2100960B23 /* background.js in Resources */,
				587ED708296C6D2100960B23 /* popup.css in Resources */,
				587ED706296C6D2100960B23 /* popup.html in Resources */,
				587ED71F296DD15300960B23 /* syntax-one-monokai-prettylights.css in Resources */,
				587ED721296DD81900960B23 /* syntax-one-monokai-codemirror.css in Resources */,
				587ED6FE296C6D2100960B23 /* images in Resources */,
				587ED700296C6D2100960B23 /* manifest.json in Resources */,
				587ED6FC296C6D2100960B23 /* _locales in Resources */,
				587ED704296C6D2100960B23 /* content.js in Resources */,
				587ED70A296C6D2100960B23 /* popup.js in Resources */,
			);
			runOnlyForDeploymentPostprocessing = 0;
		};
/* End PBXResourcesBuildPhase section */

/* Begin PBXSourcesBuildPhase section */
		587ED6BD296C6D1F00960B23 /* Sources */ = {
			isa = PBXSourcesBuildPhase;
			buildActionMask = 2147483647;
			files = (
				587ED6D1296C6D1F00960B23 /* ViewController.swift in Sources */,
				587ED6C5296C6D1F00960B23 /* AppDelegate.swift in Sources */,
			);
			runOnlyForDeploymentPostprocessing = 0;
		};
		587ED6D9296C6D2100960B23 /* Sources */ = {
			isa = PBXSourcesBuildPhase;
			buildActionMask = 2147483647;
			files = (
				587ED6E2296C6D2100960B23 /* GithubOneMonokaiTests.swift in Sources */,
			);
			runOnlyForDeploymentPostprocessing = 0;
		};
		587ED6E3296C6D2100960B23 /* Sources */ = {
			isa = PBXSourcesBuildPhase;
			buildActionMask = 2147483647;
			files = (
				587ED6EC296C6D2100960B23 /* GithubOneMonokaiUITests.swift in Sources */,
				587ED6EE296C6D2100960B23 /* GithubOneMonokaiUITestsLaunchTests.swift in Sources */,
			);
			runOnlyForDeploymentPostprocessing = 0;
		};
		587ED6EF296C6D2100960B23 /* Sources */ = {
			isa = PBXSourcesBuildPhase;
			buildActionMask = 2147483647;
			files = (
				587ED6F9296C6D2100960B23 /* SafariWebExtensionHandler.swift in Sources */,
			);
			runOnlyForDeploymentPostprocessing = 0;
		};
/* End PBXSourcesBuildPhase section */

/* Begin PBXTargetDependency section */
		587ED6DF296C6D2100960B23 /* PBXTargetDependency */ = {
			isa = PBXTargetDependency;
			target = 587ED6C0296C6D1F00960B23 /* GithubOneMonokai */;
			targetProxy = 587ED6DE296C6D2100960B23 /* PBXContainerItemProxy */;
		};
		587ED6E9296C6D2100960B23 /* PBXTargetDependency */ = {
			isa = PBXTargetDependency;
			target = 587ED6C0296C6D1F00960B23 /* GithubOneMonokai */;
			targetProxy = 587ED6E8296C6D2100960B23 /* PBXContainerItemProxy */;
		};
		587ED6F6296C6D2100960B23 /* PBXTargetDependency */ = {
			isa = PBXTargetDependency;
			target = 587ED6F2296C6D2100960B23 /* GithubOneMonokai Extension */;
			targetProxy = 587ED6F5296C6D2100960B23 /* PBXContainerItemProxy */;
		};
/* End PBXTargetDependency section */

/* Begin PBXVariantGroup section */
		587ED6C7296C6D1F00960B23 /* Main.html */ = {
			isa = PBXVariantGroup;
			children = (
				587ED6C8296C6D1F00960B23 /* Base */,
			);
			name = Main.html;
			sourceTree = "<group>";
		};
		587ED6D2296C6D1F00960B23 /* Main.storyboard */ = {
			isa = PBXVariantGroup;
			children = (
				587ED6D3296C6D1F00960B23 /* Base */,
			);
			name = Main.storyboard;
			sourceTree = "<group>";
		};
/* End PBXVariantGroup section */

/* Begin XCBuildConfiguration section */
		587ED70D296C6D2100960B23 /* Debug */ = {
			isa = XCBuildConfiguration;
			buildSettings = {
				ALWAYS_SEARCH_USER_PATHS = NO;
				CLANG_ANALYZER_NONNULL = YES;
				CLANG_ANALYZER_NUMBER_OBJECT_CONVERSION = YES_AGGRESSIVE;
				CLANG_CXX_LANGUAGE_STANDARD = "gnu++20";
				CLANG_ENABLE_MODULES = YES;
				CLANG_ENABLE_OBJC_ARC = YES;
				CLANG_ENABLE_OBJC_WEAK = YES;
				CLANG_WARN_BLOCK_CAPTURE_AUTORELEASING = YES;
				CLANG_WARN_BOOL_CONVERSION = YES;
				CLANG_WARN_COMMA = YES;
				CLANG_WARN_CONSTANT_CONVERSION = YES;
				CLANG_WARN_DEPRECATED_OBJC_IMPLEMENTATIONS = YES;
				CLANG_WARN_DIRECT_OBJC_ISA_USAGE = YES_ERROR;
				CLANG_WARN_DOCUMENTATION_COMMENTS = YES;
				CLANG_WARN_EMPTY_BODY = YES;
				CLANG_WARN_ENUM_CONVERSION = YES;
				CLANG_WARN_INFINITE_RECURSION = YES;
				CLANG_WARN_INT_CONVERSION = YES;
				CLANG_WARN_NON_LITERAL_NULL_CONVERSION = YES;
				CLANG_WARN_OBJC_IMPLICIT_RETAIN_SELF = YES;
				CLANG_WARN_OBJC_LITERAL_CONVERSION = YES;
				CLANG_WARN_OBJC_ROOT_CLASS = YES_ERROR;
				CLANG_WARN_QUOTED_INCLUDE_IN_FRAMEWORK_HEADER = YES;
				CLANG_WARN_RANGE_LOOP_ANALYSIS = YES;
				CLANG_WARN_STRICT_PROTOTYPES = YES;
				CLANG_WARN_SUSPICIOUS_MOVE = YES;
				CLANG_WARN_UNGUARDED_AVAILABILITY = YES_AGGRESSIVE;
				CLANG_WARN_UNREACHABLE_CODE = YES;
				CLANG_WARN__DUPLICATE_METHOD_MATCH = YES;
				COPY_PHASE_STRIP = NO;
				DEBUG_INFORMATION_FORMAT = dwarf;
				ENABLE_STRICT_OBJC_MSGSEND = YES;
				ENABLE_TESTABILITY = YES;
				GCC_C_LANGUAGE_STANDARD = gnu11;
				GCC_DYNAMIC_NO_PIC = NO;
				GCC_NO_COMMON_BLOCKS = YES;
				GCC_OPTIMIZATION_LEVEL = 0;
				GCC_PREPROCESSOR_DEFINITIONS = (
					"DEBUG=1",
					"$(inherited)",
				);
				GCC_WARN_64_TO_32_BIT_CONVERSION = YES;
				GCC_WARN_ABOUT_RETURN_TYPE = YES_ERROR;
				GCC_WARN_UNDECLARED_SELECTOR = YES;
				GCC_WARN_UNINITIALIZED_AUTOS = YES_AGGRESSIVE;
				GCC_WARN_UNUSED_FUNCTION = YES;
				GCC_WARN_UNUSED_VARIABLE = YES;
				MACOSX_DEPLOYMENT_TARGET = 13.0;
				MTL_ENABLE_DEBUG_INFO = INCLUDE_SOURCE;
				MTL_FAST_MATH = YES;
				ONLY_ACTIVE_ARCH = YES;
				SDKROOT = macosx;
				SWIFT_ACTIVE_COMPILATION_CONDITIONS = DEBUG;
				SWIFT_OPTIMIZATION_LEVEL = "-Onone";
			};
			name = Debug;
		};
		587ED70E296C6D2100960B23 /* Release */ = {
			isa = XCBuildConfiguration;
			buildSettings = {
				ALWAYS_SEARCH_USER_PATHS = NO;
				CLANG_ANALYZER_NONNULL = YES;
				CLANG_ANALYZER_NUMBER_OBJECT_CONVERSION = YES_AGGRESSIVE;
				CLANG_CXX_LANGUAGE_STANDARD = "gnu++20";
				CLANG_ENABLE_MODULES = YES;
				CLANG_ENABLE_OBJC_ARC = YES;
				CLANG_ENABLE_OBJC_WEAK = YES;
				CLANG_WARN_BLOCK_CAPTURE_AUTORELEASING = YES;
				CLANG_WARN_BOOL_CONVERSION = YES;
				CLANG_WARN_COMMA = YES;
				CLANG_WARN_CONSTANT_CONVERSION = YES;
				CLANG_WARN_DEPRECATED_OBJC_IMPLEMENTATIONS = YES;
				CLANG_WARN_DIRECT_OBJC_ISA_USAGE = YES_ERROR;
				CLANG_WARN_DOCUMENTATION_COMMENTS = YES;
				CLANG_WARN_EMPTY_BODY = YES;
				CLANG_WARN_ENUM_CONVERSION = YES;
				CLANG_WARN_INFINITE_RECURSION = YES;
				CLANG_WARN_INT_CONVERSION = YES;
				CLANG_WARN_NON_LITERAL_NULL_CONVERSION = YES;
				CLANG_WARN_OBJC_IMPLICIT_RETAIN_SELF = YES;
				CLANG_WARN_OBJC_LITERAL_CONVERSION = YES;
				CLANG_WARN_OBJC_ROOT_CLASS = YES_ERROR;
				CLANG_WARN_QUOTED_INCLUDE_IN_FRAMEWORK_HEADER = YES;
				CLANG_WARN_RANGE_LOOP_ANALYSIS = YES;
				CLANG_WARN_STRICT_PROTOTYPES = YES;
				CLANG_WARN_SUSPICIOUS_MOVE = YES;
				CLANG_WARN_UNGUARDED_AVAILABILITY = YES_AGGRESSIVE;
				CLANG_WARN_UNREACHABLE_CODE = YES;
				CLANG_WARN__DUPLICATE_METHOD_MATCH = YES;
				COPY_PHASE_STRIP = NO;
				DEBUG_INFORMATION_FORMAT = "dwarf-with-dsym";
				ENABLE_NS_ASSERTIONS = NO;
				ENABLE_STRICT_OBJC_MSGSEND = YES;
				GCC_C_LANGUAGE_STANDARD = gnu11;
				GCC_NO_COMMON_BLOCKS = YES;
				GCC_WARN_64_TO_32_BIT_CONVERSION = YES;
				GCC_WARN_ABOUT_RETURN_TYPE = YES_ERROR;
				GCC_WARN_UNDECLARED_SELECTOR = YES;
				GCC_WARN_UNINITIALIZED_AUTOS = YES_AGGRESSIVE;
				GCC_WARN_UNUSED_FUNCTION = YES;
				GCC_WARN_UNUSED_VARIABLE = YES;
				MACOSX_DEPLOYMENT_TARGET = 13.0;
				MTL_ENABLE_DEBUG_INFO = NO;
				MTL_FAST_MATH = YES;
				SDKROOT = macosx;
				SWIFT_COMPILATION_MODE = wholemodule;
				SWIFT_OPTIMIZATION_LEVEL = "-O";
			};
			name = Release;
		};
		587ED710296C6D2100960B23 /* Debug */ = {
			isa = XCBuildConfiguration;
			buildSettings = {
				CODE_SIGN_ENTITLEMENTS = "GithubOneMonokai Extension/GithubOneMonokai_Extension.entitlements";
				CODE_SIGN_STYLE = Automatic;
				CURRENT_PROJECT_VERSION = 1;
				DEVELOPMENT_TEAM = R5YS792LYS;
				ENABLE_HARDENED_RUNTIME = YES;
				GENERATE_INFOPLIST_FILE = YES;
				INFOPLIST_FILE = "GithubOneMonokai Extension/Info.plist";
				INFOPLIST_KEY_CFBundleDisplayName = "GithubOneMonokai Extension";
				INFOPLIST_KEY_NSHumanReadableCopyright = "";
				LD_RUNPATH_SEARCH_PATHS = (
					"$(inherited)",
					"@executable_path/../Frameworks",
					"@executable_path/../../../../Frameworks",
				);
				MACOSX_DEPLOYMENT_TARGET = 10.14;
				MARKETING_VERSION = 1.0;
				OTHER_LDFLAGS = (
					"-framework",
					SafariServices,
				);
				PRODUCT_BUNDLE_IDENTIFIER = com.cpea.GithubOneMonokai.Extension;
				PRODUCT_NAME = "$(TARGET_NAME)";
				SKIP_INSTALL = YES;
				SWIFT_EMIT_LOC_STRINGS = YES;
				SWIFT_VERSION = 5.0;
			};
			name = Debug;
		};
		587ED711296C6D2100960B23 /* Release */ = {
			isa = XCBuildConfiguration;
			buildSettings = {
				CODE_SIGN_ENTITLEMENTS = "GithubOneMonokai Extension/GithubOneMonokai_Extension.entitlements";
				CODE_SIGN_STYLE = Automatic;
				CURRENT_PROJECT_VERSION = 1;
				DEVELOPMENT_TEAM = R5YS792LYS;
				ENABLE_HARDENED_RUNTIME = YES;
				GENERATE_INFOPLIST_FILE = YES;
				INFOPLIST_FILE = "GithubOneMonokai Extension/Info.plist";
				INFOPLIST_KEY_CFBundleDisplayName = "GithubOneMonokai Extension";
				INFOPLIST_KEY_NSHumanReadableCopyright = "";
				LD_RUNPATH_SEARCH_PATHS = (
					"$(inherited)",
					"@executable_path/../Frameworks",
					"@executable_path/../../../../Frameworks",
				);
				MACOSX_DEPLOYMENT_TARGET = 10.14;
				MARKETING_VERSION = 1.0;
				OTHER_LDFLAGS = (
					"-framework",
					SafariServices,
				);
				PRODUCT_BUNDLE_IDENTIFIER = com.cpea.GithubOneMonokai.Extension;
				PRODUCT_NAME = "$(TARGET_NAME)";
				SKIP_INSTALL = YES;
				SWIFT_EMIT_LOC_STRINGS = YES;
				SWIFT_VERSION = 5.0;
			};
			name = Release;
		};
		587ED714296C6D2100960B23 /* Debug */ = {
			isa = XCBuildConfiguration;
			buildSettings = {
				ALWAYS_EMBED_SWIFT_STANDARD_LIBRARIES = YES;
				ASSETCATALOG_COMPILER_APPICON_NAME = AppIcon;
				ASSETCATALOG_COMPILER_GLOBAL_ACCENT_COLOR_NAME = AccentColor;
				ASSETCATALOG_COMPILER_INCLUDE_ALL_APPICON_ASSETS = YES;
				CODE_SIGN_ENTITLEMENTS = GithubOneMonokai/GithubOneMonokai.entitlements;
				CODE_SIGN_STYLE = Automatic;
				COMBINE_HIDPI_IMAGES = YES;
				CURRENT_PROJECT_VERSION = 1;
				DEVELOPMENT_TEAM = R5YS792LYS;
				ENABLE_HARDENED_RUNTIME = YES;
				GENERATE_INFOPLIST_FILE = YES;
				INFOPLIST_KEY_CFBundleDisplayName = "Github One Monokai";
				INFOPLIST_KEY_NSHumanReadableCopyright = "";
				INFOPLIST_KEY_NSMainStoryboardFile = Main;
				INFOPLIST_KEY_NSPrincipalClass = NSApplication;
				INFOPLIST_KEY_UILaunchStoryboardName = Main.storyboard;
				LD_RUNPATH_SEARCH_PATHS = (
					"$(inherited)",
					"@executable_path/../Frameworks",
				);
				MACOSX_DEPLOYMENT_TARGET = 10.14;
				MARKETING_VERSION = 1.0;
				OTHER_LDFLAGS = (
					"-framework",
					SafariServices,
					"-framework",
					WebKit,
				);
				PRODUCT_BUNDLE_IDENTIFIER = com.cpea.GithubOneMonokai;
				PRODUCT_NAME = "$(TARGET_NAME)";
				SWIFT_EMIT_LOC_STRINGS = YES;
				SWIFT_VERSION = 5.0;
			};
			name = Debug;
		};
		587ED715296C6D2100960B23 /* Release */ = {
			isa = XCBuildConfiguration;
			buildSettings = {
				ALWAYS_EMBED_SWIFT_STANDARD_LIBRARIES = YES;
				ASSETCATALOG_COMPILER_APPICON_NAME = AppIcon;
				ASSETCATALOG_COMPILER_GLOBAL_ACCENT_COLOR_NAME = AccentColor;
				ASSETCATALOG_COMPILER_INCLUDE_ALL_APPICON_ASSETS = YES;
				CODE_SIGN_ENTITLEMENTS = GithubOneMonokai/GithubOneMonokai.entitlements;
				CODE_SIGN_STYLE = Automatic;
				COMBINE_HIDPI_IMAGES = YES;
				CURRENT_PROJECT_VERSION = 1;
				DEVELOPMENT_TEAM = R5YS792LYS;
				ENABLE_HARDENED_RUNTIME = YES;
				GENERATE_INFOPLIST_FILE = YES;
				INFOPLIST_KEY_CFBundleDisplayName = "Github One Monokai";
				INFOPLIST_KEY_NSHumanReadableCopyright = "";
				INFOPLIST_KEY_NSMainStoryboardFile = Main;
				INFOPLIST_KEY_NSPrincipalClass = NSApplication;
				INFOPLIST_KEY_UILaunchStoryboardName = Main.storyboard;
				LD_RUNPATH_SEARCH_PATHS = (
					"$(inherited)",
					"@executable_path/../Frameworks",
				);
				MACOSX_DEPLOYMENT_TARGET = 10.14;
				MARKETING_VERSION = 1.0;
				OTHER_LDFLAGS = (
					"-framework",
					SafariServices,
					"-framework",
					WebKit,
				);
				PRODUCT_BUNDLE_IDENTIFIER = com.cpea.GithubOneMonokai;
				PRODUCT_NAME = "$(TARGET_NAME)";
				SWIFT_EMIT_LOC_STRINGS = YES;
				SWIFT_VERSION = 5.0;
			};
			name = Release;
		};
		587ED717296C6D2100960B23 /* Debug */ = {
			isa = XCBuildConfiguration;
			buildSettings = {
				ALWAYS_EMBED_SWIFT_STANDARD_LIBRARIES = YES;
				BUNDLE_LOADER = "$(TEST_HOST)";
				CODE_SIGN_STYLE = Automatic;
				CURRENT_PROJECT_VERSION = 1;
				DEVELOPMENT_TEAM = R5YS792LYS;
				GENERATE_INFOPLIST_FILE = YES;
				MACOSX_DEPLOYMENT_TARGET = 10.14;
				MARKETING_VERSION = 1.0;
				PRODUCT_BUNDLE_IDENTIFIER = com.cpea.GithubOneMonokaiTests;
				PRODUCT_NAME = "$(TARGET_NAME)";
				SWIFT_EMIT_LOC_STRINGS = NO;
				SWIFT_VERSION = 5.0;
				TEST_HOST = "$(BUILT_PRODUCTS_DIR)/GithubOneMonokai.app/$(BUNDLE_EXECUTABLE_FOLDER_PATH)/GithubOneMonokai";
			};
			name = Debug;
		};
		587ED718296C6D2100960B23 /* Release */ = {
			isa = XCBuildConfiguration;
			buildSettings = {
				ALWAYS_EMBED_SWIFT_STANDARD_LIBRARIES = YES;
				BUNDLE_LOADER = "$(TEST_HOST)";
				CODE_SIGN_STYLE = Automatic;
				CURRENT_PROJECT_VERSION = 1;
				DEVELOPMENT_TEAM = R5YS792LYS;
				GENERATE_INFOPLIST_FILE = YES;
				MACOSX_DEPLOYMENT_TARGET = 10.14;
				MARKETING_VERSION = 1.0;
				PRODUCT_BUNDLE_IDENTIFIER = com.cpea.GithubOneMonokaiTests;
				PRODUCT_NAME = "$(TARGET_NAME)";
				SWIFT_EMIT_LOC_STRINGS = NO;
				SWIFT_VERSION = 5.0;
				TEST_HOST = "$(BUILT_PRODUCTS_DIR)/GithubOneMonokai.app/$(BUNDLE_EXECUTABLE_FOLDER_PATH)/GithubOneMonokai";
			};
			name = Release;
		};
		587ED71A296C6D2100960B23 /* Debug */ = {
			isa = XCBuildConfiguration;
			buildSettings = {
				ALWAYS_EMBED_SWIFT_STANDARD_LIBRARIES = YES;
				CODE_SIGN_STYLE = Automatic;
				CURRENT_PROJECT_VERSION = 1;
				DEVELOPMENT_TEAM = R5YS792LYS;
				GENERATE_INFOPLIST_FILE = YES;
				MARKETING_VERSION = 1.0;
				PRODUCT_BUNDLE_IDENTIFIER = com.cpea.GithubOneMonokaiUITests;
				PRODUCT_NAME = "$(TARGET_NAME)";
				SWIFT_EMIT_LOC_STRINGS = NO;
				SWIFT_VERSION = 5.0;
				TEST_TARGET_NAME = GithubOneMonokai;
			};
			name = Debug;
		};
		587ED71B296C6D2100960B23 /* Release */ = {
			isa = XCBuildConfiguration;
			buildSettings = {
				ALWAYS_EMBED_SWIFT_STANDARD_LIBRARIES = YES;
				CODE_SIGN_STYLE = Automatic;
				CURRENT_PROJECT_VERSION = 1;
				DEVELOPMENT_TEAM = R5YS792LYS;
				GENERATE_INFOPLIST_FILE = YES;
				MARKETING_VERSION = 1.0;
				PRODUCT_BUNDLE_IDENTIFIER = com.cpea.GithubOneMonokaiUITests;
				PRODUCT_NAME = "$(TARGET_NAME)";
				SWIFT_EMIT_LOC_STRINGS = NO;
				SWIFT_VERSION = 5.0;
				TEST_TARGET_NAME = GithubOneMonokai;
			};
			name = Release;
		};
/* End XCBuildConfiguration section */

/* Begin XCConfigurationList section */
		587ED6BC296C6D1F00960B23 /* Build configuration list for PBXProject "GithubOneMonokai" */ = {
			isa = XCConfigurationList;
			buildConfigurations = (
				587ED70D296C6D2100960B23 /* Debug */,
				587ED70E296C6D2100960B23 /* Release */,
			);
			defaultConfigurationIsVisible = 0;
			defaultConfigurationName = Release;
		};
		587ED70F296C6D2100960B23 /* Build configuration list for PBXNativeTarget "GithubOneMonokai Extension" */ = {
			isa = XCConfigurationList;
			buildConfigurations = (
				587ED710296C6D2100960B23 /* Debug */,
				587ED711296C6D2100960B23 /* Release */,
			);
			defaultConfigurationIsVisible = 0;
			defaultConfigurationName = Release;
		};
		587ED713296C6D2100960B23 /* Build configuration list for PBXNativeTarget "GithubOneMonokai" */ = {
			isa = XCConfigurationList;
			buildConfigurations = (
				587ED714296C6D2100960B23 /* Debug */,
				587ED715296C6D2100960B23 /* Release */,
			);
			defaultConfigurationIsVisible = 0;
			defaultConfigurationName = Release;
		};
		587ED716296C6D2100960B23 /* Build configuration list for PBXNativeTarget "GithubOneMonokaiTests" */ = {
			isa = XCConfigurationList;
			buildConfigurations = (
				587ED717296C6D2100960B23 /* Debug */,
				587ED718296C6D2100960B23 /* Release */,
			);
			defaultConfigurationIsVisible = 0;
			defaultConfigurationName = Release;
		};
		587ED719296C6D2100960B23 /* Build configuration list for PBXNativeTarget "GithubOneMonokaiUITests" */ = {
			isa = XCConfigurationList;
			buildConfigurations = (
				587ED71A296C6D2100960B23 /* Debug */,
				587ED71B296C6D2100960B23 /* Release */,
			);
			defaultConfigurationIsVisible = 0;
			defaultConfigurationName = Release;
		};
/* End XCConfigurationList section */
	};
	rootObject = 587ED6B9296C6D1F00960B23 /* Project object */;
}
